// !$*UTF8*$!
{
	archiveVersion = 1;
	classes = {
	};
	objectVersion = 46;
	objects = {

/* Begin PBXBuildFile section */
		01D5BA4B7F3CC5194BD0E9FE /* Pods_ios_exam.framework in Frameworks */ = {isa = PBXBuildFile; fileRef = E0999B0E7491AEE73C431FFD /* Pods_ios_exam.framework */; };
		3725A2D71F2CE7D10066807F /* AppDelegate.swift in Sources */ = {isa = PBXBuildFile; fileRef = 3725A2D61F2CE7D10066807F /* AppDelegate.swift */; };
		3725A2DC1F2CE7D10066807F /* Main.storyboard in Resources */ = {isa = PBXBuildFile; fileRef = 3725A2DA1F2CE7D10066807F /* Main.storyboard */; };
		3725A2DF1F2CE7D10066807F /* ios_exam.xcdatamodeld in Sources */ = {isa = PBXBuildFile; fileRef = 3725A2DD1F2CE7D10066807F /* ios_exam.xcdatamodeld */; };
		3725A2E11F2CE7D10066807F /* Assets.xcassets in Resources */ = {isa = PBXBuildFile; fileRef = 3725A2E01F2CE7D10066807F /* Assets.xcassets */; };
		3725A2E41F2CE7D10066807F /* LaunchScreen.storyboard in Resources */ = {isa = PBXBuildFile; fileRef = 3725A2E21F2CE7D10066807F /* LaunchScreen.storyboard */; };
		3725A2EC1F2CEEE30066807F /* PersonParser.swift in Sources */ = {isa = PBXBuildFile; fileRef = 3725A2EB1F2CEEE30066807F /* PersonParser.swift */; };
		3725A2F11F2CF89A0066807F /* PersonViewModel.swift in Sources */ = {isa = PBXBuildFile; fileRef = 3725A2F01F2CF89A0066807F /* PersonViewModel.swift */; };
		3725A2F31F2CF8C20066807F /* PersonViewController.swift in Sources */ = {isa = PBXBuildFile; fileRef = 3725A2F21F2CF8C20066807F /* PersonViewController.swift */; };
		3725A2F51F2D1B3E0066807F /* Utility.swift in Sources */ = {isa = PBXBuildFile; fileRef = 3725A2F41F2D1B3E0066807F /* Utility.swift */; };
		3725A2F81F2D25AC0066807F /* Database.swift in Sources */ = {isa = PBXBuildFile; fileRef = 3725A2F71F2D25AC0066807F /* Database.swift */; };
		3725A2FA1F2D2D060066807F /* PersonDetailsViewController.swift in Sources */ = {isa = PBXBuildFile; fileRef = 3725A2F91F2D2D060066807F /* PersonDetailsViewController.swift */; };
/* End PBXBuildFile section */

/* Begin PBXFileReference section */
		27BDC6CA8745A9FBCFCCE44E /* Pods-ios-exam.release.xcconfig */ = {isa = PBXFileReference; includeInIndex = 1; lastKnownFileType = text.xcconfig; name = "Pods-ios-exam.release.xcconfig"; path = "Pods/Target Support Files/Pods-ios-exam/Pods-ios-exam.release.xcconfig"; sourceTree = "<group>"; };
		3725A2D31F2CE7D10066807F /* ios-exam.app */ = {isa = PBXFileReference; explicitFileType = wrapper.application; includeInIndex = 0; path = "ios-exam.app"; sourceTree = BUILT_PRODUCTS_DIR; };
		3725A2D61F2CE7D10066807F /* AppDelegate.swift */ = {isa = PBXFileReference; lastKnownFileType = sourcecode.swift; path = AppDelegate.swift; sourceTree = "<group>"; };
		3725A2DB1F2CE7D10066807F /* Base */ = {isa = PBXFileReference; lastKnownFileType = file.storyboard; name = Base; path = Base.lproj/Main.storyboard; sourceTree = "<group>"; };
		3725A2DE1F2CE7D10066807F /* ios_exam.xcdatamodel */ = {isa = PBXFileReference; lastKnownFileType = wrapper.xcdatamodel; path = ios_exam.xcdatamodel; sourceTree = "<group>"; };
		3725A2E01F2CE7D10066807F /* Assets.xcassets */ = {isa = PBXFileReference; lastKnownFileType = folder.assetcatalog; path = Assets.xcassets; sourceTree = "<group>"; };
		3725A2E31F2CE7D10066807F /* Base */ = {isa = PBXFileReference; lastKnownFileType = file.storyboard; name = Base; path = Base.lproj/LaunchScreen.storyboard; sourceTree = "<group>"; };
		3725A2E51F2CE7D10066807F /* Info.plist */ = {isa = PBXFileReference; lastKnownFileType = text.plist.xml; path = Info.plist; sourceTree = "<group>"; };
		3725A2EB1F2CEEE30066807F /* PersonParser.swift */ = {isa = PBXFileReference; fileEncoding = 4; lastKnownFileType = sourcecode.swift; path = PersonParser.swift; sourceTree = "<group>"; };
		3725A2F01F2CF89A0066807F /* PersonViewModel.swift */ = {isa = PBXFileReference; fileEncoding = 4; lastKnownFileType = sourcecode.swift; path = PersonViewModel.swift; sourceTree = "<group>"; };
		3725A2F21F2CF8C20066807F /* PersonViewController.swift */ = {isa = PBXFileReference; fileEncoding = 4; lastKnownFileType = sourcecode.swift; path = PersonViewController.swift; sourceTree = "<group>"; };
		3725A2F41F2D1B3E0066807F /* Utility.swift */ = {isa = PBXFileReference; fileEncoding = 4; lastKnownFileType = sourcecode.swift; path = Utility.swift; sourceTree = "<group>"; };
		3725A2F71F2D25AC0066807F /* Database.swift */ = {isa = PBXFileReference; fileEncoding = 4; lastKnownFileType = sourcecode.swift; path = Database.swift; sourceTree = "<group>"; };
		3725A2F91F2D2D060066807F /* PersonDetailsViewController.swift */ = {isa = PBXFileReference; fileEncoding = 4; lastKnownFileType = sourcecode.swift; path = PersonDetailsViewController.swift; sourceTree = "<group>"; };
		75E5869AF1C19CE4CD92A3F3 /* Pods-ios-exam.debug.xcconfig */ = {isa = PBXFileReference; includeInIndex = 1; lastKnownFileType = text.xcconfig; name = "Pods-ios-exam.debug.xcconfig"; path = "Pods/Target Support Files/Pods-ios-exam/Pods-ios-exam.debug.xcconfig"; sourceTree = "<group>"; };
		E0999B0E7491AEE73C431FFD /* Pods_ios_exam.framework */ = {isa = PBXFileReference; explicitFileType = wrapper.framework; includeInIndex = 0; path = Pods_ios_exam.framework; sourceTree = BUILT_PRODUCTS_DIR; };
/* End PBXFileReference section */

/* Begin PBXFrameworksBuildPhase section */
		3725A2D01F2CE7D10066807F /* Frameworks */ = {
			isa = PBXFrameworksBuildPhase;
			buildActionMask = 2147483647;
			files = (
				01D5BA4B7F3CC5194BD0E9FE /* Pods_ios_exam.framework in Frameworks */,
			);
			runOnlyForDeploymentPostprocessing = 0;
		};
/* End PBXFrameworksBuildPhase section */

/* Begin PBXGroup section */
		3725A2CA1F2CE7D10066807F = {
			isa = PBXGroup;
			children = (
				3725A2D51F2CE7D10066807F /* ios-exam */,
				3725A2D41F2CE7D10066807F /* Products */,
				E73327DF91D0C880CCBA5531 /* Pods */,
				B9AE8539CF58267B708C4EAD /* Frameworks */,
			);
			sourceTree = "<group>";
		};
		3725A2D41F2CE7D10066807F /* Products */ = {
			isa = PBXGroup;
			children = (
				3725A2D31F2CE7D10066807F /* ios-exam.app */,
			);
			name = Products;
			sourceTree = "<group>";
		};
		3725A2D51F2CE7D10066807F /* ios-exam */ = {
			isa = PBXGroup;
			children = (
				3725A2F61F2D257D0066807F /* Database */,
				3725A2F41F2D1B3E0066807F /* Utility.swift */,
				3725A2EF1F2CEEF70066807F /* Views */,
				3725A2EE1F2CEEED0066807F /* Model */,
				3725A2ED1F2CEEE60066807F /* Delegate */,
				3725A2DA1F2CE7D10066807F /* Main.storyboard */,
				3725A2E01F2CE7D10066807F /* Assets.xcassets */,
				3725A2E21F2CE7D10066807F /* LaunchScreen.storyboard */,
				3725A2E51F2CE7D10066807F /* Info.plist */,
				3725A2DD1F2CE7D10066807F /* ios_exam.xcdatamodeld */,
			);
			path = "ios-exam";
			sourceTree = "<group>";
		};
		3725A2ED1F2CEEE60066807F /* Delegate */ = {
			isa = PBXGroup;
			children = (
				3725A2D61F2CE7D10066807F /* AppDelegate.swift */,
			);
			name = Delegate;
			sourceTree = "<group>";
		};
		3725A2EE1F2CEEED0066807F /* Model */ = {
			isa = PBXGroup;
			children = (
				3725A2EB1F2CEEE30066807F /* PersonParser.swift */,
			);
			name = Model;
			sourceTree = "<group>";
		};
		3725A2EF1F2CEEF70066807F /* Views */ = {
			isa = PBXGroup;
			children = (
				3725A2F21F2CF8C20066807F /* PersonViewController.swift */,
				3725A2F01F2CF89A0066807F /* PersonViewModel.swift */,
				3725A2F91F2D2D060066807F /* PersonDetailsViewController.swift */,
			);
			name = Views;
			sourceTree = "<group>";
		};
		3725A2F61F2D257D0066807F /* Database */ = {
			isa = PBXGroup;
			children = (
				3725A2F71F2D25AC0066807F /* Database.swift */,
			);
			name = Database;
			sourceTree = "<group>";
		};
		B9AE8539CF58267B708C4EAD /* Frameworks */ = {
			isa = PBXGroup;
			children = (
				E0999B0E7491AEE73C431FFD /* Pods_ios_exam.framework */,
			);
			name = Frameworks;
			sourceTree = "<group>";
		};
		E73327DF91D0C880CCBA5531 /* Pods */ = {
			isa = PBXGroup;
			children = (
				75E5869AF1C19CE4CD92A3F3 /* Pods-ios-exam.debug.xcconfig */,
				27BDC6CA8745A9FBCFCCE44E /* Pods-ios-exam.release.xcconfig */,
			);
			name = Pods;
			sourceTree = "<group>";
		};
/* End PBXGroup section */

/* Begin PBXNativeTarget section */
		3725A2D21F2CE7D10066807F /* ios-exam */ = {
			isa = PBXNativeTarget;
			buildConfigurationList = 3725A2E81F2CE7D10066807F /* Build configuration list for PBXNativeTarget "ios-exam" */;
			buildPhases = (
				7F16D2AB4B2F170F2DFE2D96 /* [CP] Check Pods Manifest.lock */,
				3725A2CF1F2CE7D10066807F /* Sources */,
				3725A2D01F2CE7D10066807F /* Frameworks */,
				3725A2D11F2CE7D10066807F /* Resources */,
				20B3DC609B6C1E86263E3C71 /* [CP] Embed Pods Frameworks */,
				680DFD4C9C8030E8D4600D45 /* [CP] Copy Pods Resources */,
			);
			buildRules = (
			);
			dependencies = (
			);
			name = "ios-exam";
			productName = "ios-exam";
			productReference = 3725A2D31F2CE7D10066807F /* ios-exam.app */;
			productType = "com.apple.product-type.application";
		};
/* End PBXNativeTarget section */

/* Begin PBXProject section */
		3725A2CB1F2CE7D10066807F /* Project object */ = {
			isa = PBXProject;
			attributes = {
				LastSwiftUpdateCheck = 0830;
				LastUpgradeCheck = 0830;
				ORGANIZATIONNAME = "Marlon Boncodin";
				TargetAttributes = {
					3725A2D21F2CE7D10066807F = {
						CreatedOnToolsVersion = 8.3.3;
						ProvisioningStyle = Automatic;
					};
				};
			};
			buildConfigurationList = 3725A2CE1F2CE7D10066807F /* Build configuration list for PBXProject "ios-exam" */;
			compatibilityVersion = "Xcode 3.2";
			developmentRegion = English;
			hasScannedForEncodings = 0;
			knownRegions = (
				en,
				Base,
			);
			mainGroup = 3725A2CA1F2CE7D10066807F;
			productRefGroup = 3725A2D41F2CE7D10066807F /* Products */;
			projectDirPath = "";
			projectRoot = "";
			targets = (
				3725A2D21F2CE7D10066807F /* ios-exam */,
			);
		};
/* End PBXProject section */

/* Begin PBXResourcesBuildPhase section */
		3725A2D11F2CE7D10066807F /* Resources */ = {
			isa = PBXResourcesBuildPhase;
			buildActionMask = 2147483647;
			files = (
				3725A2E41F2CE7D10066807F /* LaunchScreen.storyboard in Resources */,
				3725A2E11F2CE7D10066807F /* Assets.xcassets in Resources */,
				3725A2DC1F2CE7D10066807F /* Main.storyboard in Resources */,
			);
			runOnlyForDeploymentPostprocessing = 0;
		};
/* End PBXResourcesBuildPhase section */

/* Begin PBXShellScriptBuildPhase section */
		20B3DC609B6C1E86263E3C71 /* [CP] Embed Pods Frameworks */ = {
			isa = PBXShellScriptBuildPhase;
			buildActionMask = 2147483647;
			files = (
			);
			inputPaths = (
			);
			name = "[CP] Embed Pods Frameworks";
			outputPaths = (
			);
			runOnlyForDeploymentPostprocessing = 0;
			shellPath = /bin/sh;
			shellScript = "\"${SRCROOT}/Pods/Target Support Files/Pods-ios-exam/Pods-ios-exam-frameworks.sh\"\n";
			showEnvVarsInLog = 0;
		};
		680DFD4C9C8030E8D4600D45 /* [CP] Copy Pods Resources */ = {
			isa = PBXShellScriptBuildPhase;
			buildActionMask = 2147483647;
			files = (
			);
			inputPaths = (
			);
			name = "[CP] Copy Pods Resources";
			outputPaths = (
			);
			runOnlyForDeploymentPostprocessing = 0;
			shellPath = /bin/sh;
			shellScript = "\"${SRCROOT}/Pods/Target Support Files/Pods-ios-exam/Pods-ios-exam-resources.sh\"\n";
			showEnvVarsInLog = 0;
		};
		7F16D2AB4B2F170F2DFE2D96 /* [CP] Check Pods Manifest.lock */ = {
			isa = PBXShellScriptBuildPhase;
			buildActionMask = 2147483647;
			files = (
			);
			inputPaths = (
			);
			name = "[CP] Check Pods Manifest.lock";
			outputPaths = (
			);
			runOnlyForDeploymentPostprocessing = 0;
			shellPath = /bin/sh;
			shellScript = "diff \"${PODS_ROOT}/../Podfile.lock\" \"${PODS_ROOT}/Manifest.lock\" > /dev/null\nif [ $? != 0 ] ; then\n    # print error to STDERR\n    echo \"error: The sandbox is not in sync with the Podfile.lock. Run 'pod install' or update your CocoaPods installation.\" >&2\n    exit 1\nfi\n";
			showEnvVarsInLog = 0;
		};
/* End PBXShellScriptBuildPhase section */

/* Begin PBXSourcesBuildPhase section */
		3725A2CF1F2CE7D10066807F /* Sources */ = {
			isa = PBXSourcesBuildPhase;
			buildActionMask = 2147483647;
			files = (
				3725A2FA1F2D2D060066807F /* PersonDetailsViewController.swift in Sources */,
				3725A2F31F2CF8C20066807F /* PersonViewController.swift in Sources */,
				3725A2F11F2CF89A0066807F /* PersonViewModel.swift in Sources */,
				3725A2F51F2D1B3E0066807F /* Utility.swift in Sources */,
				3725A2D71F2CE7D10066807F /* AppDelegate.swift in Sources */,
				3725A2EC1F2CEEE30066807F /* PersonParser.swift in Sources */,
				3725A2F81F2D25AC0066807F /* Database.swift in Sources */,
				3725A2DF1F2CE7D10066807F /* ios_exam.xcdatamodeld in Sources */,
			);
			runOnlyForDeploymentPostprocessing = 0;
		};
/* End PBXSourcesBuildPhase section */

/* Begin PBXVariantGroup section */
		3725A2DA1F2CE7D10066807F /* Main.storyboard */ = {
			isa = PBXVariantGroup;
			children = (
				3725A2DB1F2CE7D10066807F /* Base */,
			);
			name = Main.storyboard;
			sourceTree = "<group>";
		};
		3725A2E21F2CE7D10066807F /* LaunchScreen.storyboard */ = {
			isa = PBXVariantGroup;
			children = (
				3725A2E31F2CE7D10066807F /* Base */,
			);
			name = LaunchScreen.storyboard;
			sourceTree = "<group>";
		};
/* End PBXVariantGroup section */

/* Begin XCBuildConfiguration section */
		3725A2E61F2CE7D10066807F /* Debug */ = {
			isa = XCBuildConfiguration;
			buildSettings = {
				ALWAYS_SEARCH_USER_PATHS = NO;
				CLANG_ANALYZER_NONNULL = YES;
				CLANG_ANALYZER_NUMBER_OBJECT_CONVERSION = YES_AGGRESSIVE;
				CLANG_CXX_LANGUAGE_STANDARD = "gnu++0x";
				CLANG_CXX_LIBRARY = "libc++";
				CLANG_ENABLE_MODULES = YES;
				CLANG_ENABLE_OBJC_ARC = YES;
				CLANG_WARN_BOOL_CONVERSION = YES;
				CLANG_WARN_CONSTANT_CONVERSION = YES;
				CLANG_WARN_DIRECT_OBJC_ISA_USAGE = YES_ERROR;
				CLANG_WARN_DOCUMENTATION_COMMENTS = YES;
				CLANG_WARN_EMPTY_BODY = YES;
				CLANG_WARN_ENUM_CONVERSION = YES;
				CLANG_WARN_INFINITE_RECURSION = YES;
				CLANG_WARN_INT_CONVERSION = YES;
				CLANG_WARN_OBJC_ROOT_CLASS = YES_ERROR;
				CLANG_WARN_SUSPICIOUS_MOVE = YES;
				CLANG_WARN_UNREACHABLE_CODE = YES;
				CLANG_WARN__DUPLICATE_METHOD_MATCH = YES;
				"CODE_SIGN_IDENTITY[sdk=iphoneos*]" = "iPhone Developer";
				COPY_PHASE_STRIP = NO;
				DEBUG_INFORMATION_FORMAT = dwarf;
				ENABLE_STRICT_OBJC_MSGSEND = YES;
				ENABLE_TESTABILITY = YES;
				GCC_C_LANGUAGE_STANDARD = gnu99;
				GCC_DYNAMIC_NO_PIC = NO;
				GCC_NO_COMMON_BLOCKS = YES;
				GCC_OPTIMIZATION_LEVEL = 0;
				GCC_PREPROCESSOR_DEFINITIONS = (
					"DEBUG=1",
					"$(inherited)",
				);
				GCC_WARN_64_TO_32_BIT_CONVERSION = YES;
				GCC_WARN_ABOUT_RETURN_TYPE = YES_ERROR;
				GCC_WARN_UNDECLARED_SELECTOR = YES;
				GCC_WARN_UNINITIALIZED_AUTOS = YES_AGGRESSIVE;
				GCC_WARN_UNUSED_FUNCTION = YES;
				GCC_WARN_UNUSED_VARIABLE = YES;
				IPHONEOS_DEPLOYMENT_TARGET = 10.3;
				MTL_ENABLE_DEBUG_INFO = YES;
				ONLY_ACTIVE_ARCH = YES;
				SDKROOT = iphoneos;
				SWIFT_ACTIVE_COMPILATION_CONDITIONS = DEBUG;
				SWIFT_OPTIMIZATION_LEVEL = "-Onone";
			};
			name = Debug;
		};
		3725A2E71F2CE7D10066807F /* Release */ = {
			isa = XCBuildConfiguration;
			buildSettings = {
				ALWAYS_SEARCH_USER_PATHS = NO;
				CLANG_ANALYZER_NONNULL = YES;
				CLANG_ANALYZER_NUMBER_OBJECT_CONVERSION = YES_AGGRESSIVE;
				CLANG_CXX_LANGUAGE_STANDARD = "gnu++0x";
				CLANG_CXX_LIBRARY = "libc++";
				CLANG_ENABLE_MODULES = YES;
				CLANG_ENABLE_OBJC_ARC = YES;
				CLANG_WARN_BOOL_CONVERSION = YES;
				CLANG_WARN_CONSTANT_CONVERSION = YES;
				CLANG_WARN_DIRECT_OBJC_ISA_USAGE = YES_ERROR;
				CLANG_WARN_DOCUMENTATION_COMMENTS = YES;
				CLANG_WARN_EMPTY_BODY = YES;
				CLANG_WARN_ENUM_CONVERSION = YES;
				CLANG_WARN_INFINITE_RECURSION = YES;
				CLANG_WARN_INT_CONVERSION = YES;
				CLANG_WARN_OBJC_ROOT_CLASS = YES_ERROR;
				CLANG_WARN_SUSPICIOUS_MOVE = YES;
				CLANG_WARN_UNREACHABLE_CODE = YES;
				CLANG_WARN__DUPLICATE_METHOD_MATCH = YES;
				"CODE_SIGN_IDENTITY[sdk=iphoneos*]" = "iPhone Developer";
				COPY_PHASE_STRIP = NO;
				DEBUG_INFORMATION_FORMAT = "dwarf-with-dsym";
				ENABLE_NS_ASSERTIONS = NO;
				ENABLE_STRICT_OBJC_MSGSEND = YES;
				GCC_C_LANGUAGE_STANDARD = gnu99;
				GCC_NO_COMMON_BLOCKS = YES;
				GCC_WARN_64_TO_32_BIT_CONVERSION = YES;
				GCC_WARN_ABOUT_RETURN_TYPE = YES_ERROR;
				GCC_WARN_UNDECLARED_SELECTOR = YES;
				GCC_WARN_UNINITIALIZED_AUTOS = YES_AGGRESSIVE;
				GCC_WARN_UNUSED_FUNCTION = YES;
				GCC_WARN_UNUSED_VARIABLE = YES;
				IPHONEOS_DEPLOYMENT_TARGET = 10.3;
				MTL_ENABLE_DEBUG_INFO = NO;
				SDKROOT = iphoneos;
				SWIFT_OPTIMIZATION_LEVEL = "-Owholemodule";
				VALIDATE_PRODUCT = YES;
			};
			name = Release;
		};
		3725A2E91F2CE7D10066807F /* Debug */ = {
			isa = XCBuildConfiguration;
			baseConfigurationReference = 75E5869AF1C19CE4CD92A3F3 /* Pods-ios-exam.debug.xcconfig */;
			buildSettings = {
				ASSETCATALOG_COMPILER_APPICON_NAME = AppIcon;
				INFOPLIST_FILE = "ios-exam/Info.plist";
				LD_RUNPATH_SEARCH_PATHS = "$(inherited) @executable_path/Frameworks";
				PRODUCT_BUNDLE_IDENTIFIER = "com.iosexam.ios-exam";
				PRODUCT_NAME = "$(TARGET_NAME)";
				SWIFT_VERSION = 3.0;
			};
			name = Debug;
		};
		3725A2EA1F2CE7D10066807F /* Release */ = {
			isa = XCBuildConfiguration;
			baseConfigurationReference = 27BDC6CA8745A9FBCFCCE44E /* Pods-ios-exam.release.xcconfig */;
			buildSettings = {
				ASSETCATALOG_COMPILER_APPICON_NAME = AppIcon;
				INFOPLIST_FILE = "ios-exam/Info.plist";
				LD_RUNPATH_SEARCH_PATHS = "$(inherited) @executable_path/Frameworks";
				PRODUCT_BUNDLE_IDENTIFIER = "com.iosexam.ios-exam";
				PRODUCT_NAME = "$(TARGET_NAME)";
				SWIFT_VERSION = 3.0;
			};
			name = Release;
		};
/* End XCBuildConfiguration section */

/* Begin XCConfigurationList section */
		3725A2CE1F2CE7D10066807F /* Build configuration list for PBXProject "ios-exam" */ = {
			isa = XCConfigurationList;
			buildConfigurations = (
				3725A2E61F2CE7D10066807F /* Debug */,
				3725A2E71F2CE7D10066807F /* Release */,
			);
			defaultConfigurationIsVisible = 0;
			defaultConfigurationName = Release;
		};
		3725A2E81F2CE7D10066807F /* Build configuration list for PBXNativeTarget "ios-exam" */ = {
			isa = XCConfigurationList;
			buildConfigurations = (
				3725A2E91F2CE7D10066807F /* Debug */,
				3725A2EA1F2CE7D10066807F /* Release */,
			);
			defaultConfigurationIsVisible = 0;
			defaultConfigurationName = Release;
		};
/* End XCConfigurationList section */

/* Begin XCVersionGroup section */
		3725A2DD1F2CE7D10066807F /* ios_exam.xcdatamodeld */ = {
			isa = XCVersionGroup;
			children = (
				3725A2DE1F2CE7D10066807F /* ios_exam.xcdatamodel */,
			);
			currentVersion = 3725A2DE1F2CE7D10066807F /* ios_exam.xcdatamodel */;
			path = ios_exam.xcdatamodeld;
			sourceTree = "<group>";
			versionGroupType = wrapper.xcdatamodel;
		};
/* End XCVersionGroup section */
	};
	rootObject = 3725A2CB1F2CE7D10066807F /* Project object */;
}
